// !$*UTF8*$!
{
	archiveVersion = 1;
	classes = {
	};
	objectVersion = 50;
	objects = {

/* Begin PBXBuildFile section */
		7946AD0321AADE6D00CDCCEA /* AppDelegate.swift in Sources */ = {isa = PBXBuildFile; fileRef = 7946AD0221AADE6D00CDCCEA /* AppDelegate.swift */; };
		7946AD0521AADE6D00CDCCEA /* ViewController.swift in Sources */ = {isa = PBXBuildFile; fileRef = 7946AD0421AADE6D00CDCCEA /* ViewController.swift */; };
		7946AD0821AADE6D00CDCCEA /* Main.storyboard in Resources */ = {isa = PBXBuildFile; fileRef = 7946AD0621AADE6D00CDCCEA /* Main.storyboard */; };
		7946AD0B21AADE6D00CDCCEA /* goalpost_project.xcdatamodeld in Sources */ = {isa = PBXBuildFile; fileRef = 7946AD0921AADE6D00CDCCEA /* goalpost_project.xcdatamodeld */; };
		7946AD0D21AADE6F00CDCCEA /* Assets.xcassets in Resources */ = {isa = PBXBuildFile; fileRef = 7946AD0C21AADE6F00CDCCEA /* Assets.xcassets */; };
		7946AD1021AADE6F00CDCCEA /* LaunchScreen.storyboard in Resources */ = {isa = PBXBuildFile; fileRef = 7946AD0E21AADE6F00CDCCEA /* LaunchScreen.storyboard */; };
/* End PBXBuildFile section */

/* Begin PBXFileReference section */
		7946ACFF21AADE6D00CDCCEA /* goalpost-project.app */ = {isa = PBXFileReference; explicitFileType = wrapper.application; includeInIndex = 0; path = "goalpost-project.app"; sourceTree = BUILT_PRODUCTS_DIR; };
		7946AD0221AADE6D00CDCCEA /* AppDelegate.swift */ = {isa = PBXFileReference; lastKnownFileType = sourcecode.swift; path = AppDelegate.swift; sourceTree = "<group>"; };
		7946AD0421AADE6D00CDCCEA /* ViewController.swift */ = {isa = PBXFileReference; lastKnownFileType = sourcecode.swift; path = ViewController.swift; sourceTree = "<group>"; };
		7946AD0721AADE6D00CDCCEA /* Base */ = {isa = PBXFileReference; lastKnownFileType = file.storyboard; name = Base; path = Base.lproj/Main.storyboard; sourceTree = "<group>"; };
		7946AD0A21AADE6D00CDCCEA /* goalpost_project.xcdatamodel */ = {isa = PBXFileReference; lastKnownFileType = wrapper.xcdatamodel; path = goalpost_project.xcdatamodel; sourceTree = "<group>"; };
		7946AD0C21AADE6F00CDCCEA /* Assets.xcassets */ = {isa = PBXFileReference; lastKnownFileType = folder.assetcatalog; path = Assets.xcassets; sourceTree = "<group>"; };
		7946AD0F21AADE6F00CDCCEA /* Base */ = {isa = PBXFileReference; lastKnownFileType = file.storyboard; name = Base; path = Base.lproj/LaunchScreen.storyboard; sourceTree = "<group>"; };
		7946AD1121AADE6F00CDCCEA /* Info.plist */ = {isa = PBXFileReference; lastKnownFileType = text.plist.xml; path = Info.plist; sourceTree = "<group>"; };
/* End PBXFileReference section */

/* Begin PBXFrameworksBuildPhase section */
		7946ACFC21AADE6D00CDCCEA /* Frameworks */ = {
			isa = PBXFrameworksBuildPhase;
			buildActionMask = 2147483647;
			files = (
			);
			runOnlyForDeploymentPostprocessing = 0;
		};
/* End PBXFrameworksBuildPhase section */

/* Begin PBXGroup section */
		7946ACF621AADE6D00CDCCEA = {
			isa = PBXGroup;
			children = (
				7946AD0121AADE6D00CDCCEA /* goalpost-project */,
				7946AD0021AADE6D00CDCCEA /* Products */,
			);
			sourceTree = "<group>";
		};
		7946AD0021AADE6D00CDCCEA /* Products */ = {
			isa = PBXGroup;
			children = (
				7946ACFF21AADE6D00CDCCEA /* goalpost-project.app */,
			);
			name = Products;
			sourceTree = "<group>";
		};
		7946AD0121AADE6D00CDCCEA /* goalpost-project */ = {
			isa = PBXGroup;
			children = (
				7946AD0221AADE6D00CDCCEA /* AppDelegate.swift */,
				7946AD0421AADE6D00CDCCEA /* ViewController.swift */,
				7946AD0621AADE6D00CDCCEA /* Main.storyboard */,
				7946AD0C21AADE6F00CDCCEA /* Assets.xcassets */,
				7946AD0E21AADE6F00CDCCEA /* LaunchScreen.storyboard */,
				7946AD1121AADE6F00CDCCEA /* Info.plist */,
				7946AD0921AADE6D00CDCCEA /* goalpost_project.xcdatamodeld */,
			);
			path = "goalpost-project";
			sourceTree = "<group>";
		};
/* End PBXGroup section */

/* Begin PBXNativeTarget section */
		7946ACFE21AADE6D00CDCCEA /* goalpost-project */ = {
			isa = PBXNativeTarget;
			buildConfigurationList = 7946AD1421AADE6F00CDCCEA /* Build configuration list for PBXNativeTarget "goalpost-project" */;
			buildPhases = (
				7946ACFB21AADE6D00CDCCEA /* Sources */,
				7946ACFC21AADE6D00CDCCEA /* Frameworks */,
				7946ACFD21AADE6D00CDCCEA /* Resources */,
			);
			buildRules = (
			);
			dependencies = (
			);
			name = "goalpost-project";
			productName = "goalpost-project";
			productReference = 7946ACFF21AADE6D00CDCCEA /* goalpost-project.app */;
			productType = "com.apple.product-type.application";
		};
/* End PBXNativeTarget section */

/* Begin PBXProject section */
		7946ACF721AADE6D00CDCCEA /* Project object */ = {
			isa = PBXProject;
			attributes = {
				LastSwiftUpdateCheck = 1010;
				LastUpgradeCheck = 1010;
				ORGANIZATIONNAME = Biasi;
				TargetAttributes = {
					7946ACFE21AADE6D00CDCCEA = {
						CreatedOnToolsVersion = 10.1;
					};
				};
			};
			buildConfigurationList = 7946ACFA21AADE6D00CDCCEA /* Build configuration list for PBXProject "goalpost-project" */;
			compatibilityVersion = "Xcode 9.3";
			developmentRegion = en;
			hasScannedForEncodings = 0;
			knownRegions = (
				en,
				Base,
			);
			mainGroup = 7946ACF621AADE6D00CDCCEA;
			productRefGroup = 7946AD0021AADE6D00CDCCEA /* Products */;
			projectDirPath = "";
			projectRoot = "";
			targets = (
				7946ACFE21AADE6D00CDCCEA /* goalpost-project */,
			);
		};
/* End PBXProject section */

/* Begin PBXResourcesBuildPhase section */
		7946ACFD21AADE6D00CDCCEA /* Resources */ = {
			isa = PBXResourcesBuildPhase;
			buildActionMask = 2147483647;
			files = (
				7946AD1021AADE6F00CDCCEA /* LaunchScreen.storyboard in Resources */,
				7946AD0D21AADE6F00CDCCEA /* Assets.xcassets in Resources */,
				7946AD0821AADE6D00CDCCEA /* Main.storyboard in Resources */,
			);
			runOnlyForDeploymentPostprocessing = 0;
		};
/* End PBXResourcesBuildPhase section */

/* Begin PBXSourcesBuildPhase section */
		7946ACFB21AADE6D00CDCCEA /* Sources */ = {
			isa = PBXSourcesBuildPhase;
			buildActionMask = 2147483647;
			files = (
				7946AD0B21AADE6D00CDCCEA /* goalpost_project.xcdatamodeld in Sources */,
				7946AD0521AADE6D00CDCCEA /* ViewController.swift in Sources */,
				7946AD0321AADE6D00CDCCEA /* AppDelegate.swift in Sources */,
			);
			runOnlyForDeploymentPostprocessing = 0;
		};
/* End PBXSourcesBuildPhase section */

/* Begin PBXVariantGroup section */
		7946AD0621AADE6D00CDCCEA /* Main.storyboard */ = {
			isa = PBXVariantGroup;
			children = (
				7946AD0721AADE6D00CDCCEA /* Base */,
			);
			name = Main.storyboard;
			sourceTree = "<group>";
		};
		7946AD0E21AADE6F00CDCCEA /* LaunchScreen.storyboard */ = {
			isa = PBXVariantGroup;
			children = (
				7946AD0F21AADE6F00CDCCEA /* Base */,
			);
			name = LaunchScreen.storyboard;
			sourceTree = "<group>";
		};
/* End PBXVariantGroup section */

/* Begin XCBuildConfiguration section */
		7946AD1221AADE6F00CDCCEA /* Debug */ = {
			isa = XCBuildConfiguration;
			buildSettings = {
				ALWAYS_SEARCH_USER_PATHS = NO;
				CLANG_ANALYZER_NONNULL = YES;
				CLANG_ANALYZER_NUMBER_OBJECT_CONVERSION = YES_AGGRESSIVE;
				CLANG_CXX_LANGUAGE_STANDARD = "gnu++14";
				CLANG_CXX_LIBRARY = "libc++";
				CLANG_ENABLE_MODULES = YES;
				CLANG_ENABLE_OBJC_ARC = YES;
				CLANG_ENABLE_OBJC_WEAK = YES;
				CLANG_WARN_BLOCK_CAPTURE_AUTORELEASING = YES;
				CLANG_WARN_BOOL_CONVERSION = YES;
				CLANG_WARN_COMMA = YES;
				CLANG_WARN_CONSTANT_CONVERSION = YES;
				CLANG_WARN_DEPRECATED_OBJC_IMPLEMENTATIONS = YES;
				CLANG_WARN_DIRECT_OBJC_ISA_USAGE = YES_ERROR;
				CLANG_WARN_DOCUMENTATION_COMMENTS = YES;
				CLANG_WARN_EMPTY_BODY = YES;
				CLANG_WARN_ENUM_CONVERSION = YES;
				CLANG_WARN_INFINITE_RECURSION = YES;
				CLANG_WARN_INT_CONVERSION = YES;
				CLANG_WARN_NON_LITERAL_NULL_CONVERSION = YES;
				CLANG_WARN_OBJC_IMPLICIT_RETAIN_SELF = YES;
				CLANG_WARN_OBJC_LITERAL_CONVERSION = YES;
				CLANG_WARN_OBJC_ROOT_CLASS = YES_ERROR;
				CLANG_WARN_RANGE_LOOP_ANALYSIS = YES;
				CLANG_WARN_STRICT_PROTOTYPES = YES;
				CLANG_WARN_SUSPICIOUS_MOVE = YES;
				CLANG_WARN_UNGUARDED_AVAILABILITY = YES_AGGRESSIVE;
				CLANG_WARN_UNREACHABLE_CODE = YES;
				CLANG_WARN__DUPLICATE_METHOD_MATCH = YES;
				CODE_SIGN_IDENTITY = "iPhone Developer";
				COPY_PHASE_STRIP = NO;
				DEBUG_INFORMATION_FORMAT = dwarf;
				ENABLE_STRICT_OBJC_MSGSEND = YES;
				ENABLE_TESTABILITY = YES;
				GCC_C_LANGUAGE_STANDARD = gnu11;
				GCC_DYNAMIC_NO_PIC = NO;
				GCC_NO_COMMON_BLOCKS = YES;
				GCC_OPTIMIZATION_LEVEL = 0;
				GCC_PREPROCESSOR_DEFINITIONS = (
					"DEBUG=1",
					"$(inherited)",
				);
				GCC_WARN_64_TO_32_BIT_CONVERSION = YES;
				GCC_WARN_ABOUT_RETURN_TYPE = YES_ERROR;
				GCC_WARN_UNDECLARED_SELECTOR = YES;
				GCC_WARN_UNINITIALIZED_AUTOS = YES_AGGRESSIVE;
				GCC_WARN_UNUSED_FUNCTION = YES;
				GCC_WARN_UNUSED_VARIABLE = YES;
				IPHONEOS_DEPLOYMENT_TARGET = 12.1;
				MTL_ENABLE_DEBUG_INFO = INCLUDE_SOURCE;
				MTL_FAST_MATH = YES;
				ONLY_ACTIVE_ARCH = YES;
				SDKROOT = iphoneos;
				SWIFT_ACTIVE_COMPILATION_CONDITIONS = DEBUG;
				SWIFT_OPTIMIZATION_LEVEL = "-Onone";
			};
			name = Debug;
		};
		7946AD1321AADE6F00CDCCEA /* Release */ = {
			isa = XCBuildConfiguration;
			buildSettings = {
				ALWAYS_SEARCH_USER_PATHS = NO;
				CLANG_ANALYZER_NONNULL = YES;
				CLANG_ANALYZER_NUMBER_OBJECT_CONVERSION = YES_AGGRESSIVE;
				CLANG_CXX_LANGUAGE_STANDARD = "gnu++14";
				CLANG_CXX_LIBRARY = "libc++";
				CLANG_ENABLE_MODULES = YES;
				CLANG_ENABLE_OBJC_ARC = YES;
				CLANG_ENABLE_OBJC_WEAK = YES;
				CLANG_WARN_BLOCK_CAPTURE_AUTORELEASING = YES;
				CLANG_WARN_BOOL_CONVERSION = YES;
				CLANG_WARN_COMMA = YES;
				CLANG_WARN_CONSTANT_CONVERSION = YES;
				CLANG_WARN_DEPRECATED_OBJC_IMPLEMENTATIONS = YES;
				CLANG_WARN_DIRECT_OBJC_ISA_USAGE = YES_ERROR;
				CLANG_WARN_DOCUMENTATION_COMMENTS = YES;
				CLANG_WARN_EMPTY_BODY = YES;
				CLANG_WARN_ENUM_CONVERSION = YES;
				CLANG_WARN_INFINITE_RECURSION = YES;
				CLANG_WARN_INT_CONVERSION = YES;
				CLANG_WARN_NON_LITERAL_NULL_CONVERSION = YES;
				CLANG_WARN_OBJC_IMPLICIT_RETAIN_SELF = YES;
				CLANG_WARN_OBJC_LITERAL_CONVERSION = YES;
				CLANG_WARN_OBJC_ROOT_CLASS = YES_ERROR;
				CLANG_WARN_RANGE_LOOP_ANALYSIS = YES;
				CLANG_WARN_STRICT_PROTOTYPES = YES;
				CLANG_WARN_SUSPICIOUS_MOVE = YES;
				CLANG_WARN_UNGUARDED_AVAILABILITY = YES_AGGRESSIVE;
				CLANG_WARN_UNREACHABLE_CODE = YES;
				CLANG_WARN__DUPLICATE_METHOD_MATCH = YES;
				CODE_SIGN_IDENTITY = "iPhone Developer";
				COPY_PHASE_STRIP = NO;
				DEBUG_INFORMATION_FORMAT = "dwarf-with-dsym";
				ENABLE_NS_ASSERTIONS = NO;
				ENABLE_STRICT_OBJC_MSGSEND = YES;
				GCC_C_LANGUAGE_STANDARD = gnu11;
				GCC_NO_COMMON_BLOCKS = YES;
				GCC_WARN_64_TO_32_BIT_CONVERSION = YES;
				GCC_WARN_ABOUT_RETURN_TYPE = YES_ERROR;
				GCC_WARN_UNDECLARED_SELECTOR = YES;
				GCC_WARN_UNINITIALIZED_AUTOS = YES_AGGRESSIVE;
				GCC_WARN_UNUSED_FUNCTION = YES;
				GCC_WARN_UNUSED_VARIABLE = YES;
				IPHONEOS_DEPLOYMENT_TARGET = 12.1;
				MTL_ENABLE_DEBUG_INFO = NO;
				MTL_FAST_MATH = YES;
				SDKROOT = iphoneos;
				SWIFT_COMPILATION_MODE = wholemodule;
				SWIFT_OPTIMIZATION_LEVEL = "-O";
				VALIDATE_PRODUCT = YES;
			};
			name = Release;
		};
		7946AD1521AADE6F00CDCCEA /* Debug */ = {
			isa = XCBuildConfiguration;
			buildSettings = {
				ASSETCATALOG_COMPILER_APPICON_NAME = AppIcon;
				CODE_SIGN_STYLE = Automatic;
				DEVELOPMENT_TEAM = T5R955TR3T;
				INFOPLIST_FILE = "goalpost-project/Info.plist";
				LD_RUNPATH_SEARCH_PATHS = (
					"$(inherited)",
					"@executable_path/Frameworks",
				);
				PRODUCT_BUNDLE_IDENTIFIER = "biasi.com.goalpost-project";
				PRODUCT_NAME = "$(TARGET_NAME)";
				SWIFT_VERSION = 4.2;
				TARGETED_DEVICE_FAMILY = "1,2";
			};
			name = Debug;
		};
		7946AD1621AADE6F00CDCCEA /* Release */ = {
			isa = XCBuildConfiguration;
			buildSettings = {
				ASSETCATALOG_COMPILER_APPICON_NAME = AppIcon;
				CODE_SIGN_STYLE = Automatic;
				DEVELOPMENT_TEAM = T5R955TR3T;
				INFOPLIST_FILE = "goalpost-project/Info.plist";
				LD_RUNPATH_SEARCH_PATHS = (
					"$(inherited)",
					"@executable_path/Frameworks",
				);
				PRODUCT_BUNDLE_IDENTIFIER = "biasi.com.goalpost-project";
				PRODUCT_NAME = "$(TARGET_NAME)";
				SWIFT_VERSION = 4.2;
				TARGETED_DEVICE_FAMILY = "1,2";
			};
			name = Release;
		};
/* End XCBuildConfiguration section */

/* Begin XCConfigurationList section */
		7946ACFA21AADE6D00CDCCEA /* Build configuration list for PBXProject "goalpost-project" */ = {
			isa = XCConfigurationList;
			buildConfigurations = (
				7946AD1221AADE6F00CDCCEA /* Debug */,
				7946AD1321AADE6F00CDCCEA /* Release */,
			);
			defaultConfigurationIsVisible = 0;
			defaultConfigurationName = Release;
		};
		7946AD1421AADE6F00CDCCEA /* Build configuration list for PBXNativeTarget "goalpost-project" */ = {
			isa = XCConfigurationList;
			buildConfigurations = (
				7946AD1521AADE6F00CDCCEA /* Debug */,
				7946AD1621AADE6F00CDCCEA /* Release */,
			);
			defaultConfigurationIsVisible = 0;
			defaultConfigurationName = Release;
		};
/* End XCConfigurationList section */

/* Begin XCVersionGroup section */
		7946AD0921AADE6D00CDCCEA /* goalpost_project.xcdatamodeld */ = {
			isa = XCVersionGroup;
			children = (
				7946AD0A21AADE6D00CDCCEA /* goalpost_project.xcdatamodel */,
			);
			currentVersion = 7946AD0A21AADE6D00CDCCEA /* goalpost_project.xcdatamodel */;
			path = goalpost_project.xcdatamodeld;
			sourceTree = "<group>";
			versionGroupType = wrapper.xcdatamodel;
		};
/* End XCVersionGroup section */
	};
	rootObject = 7946ACF721AADE6D00CDCCEA /* Project object */;
}
